PODS:
  - DRMacroDefines (0.1.2)
  - DRRouter (0.1.0):
    - DRMacroDefines

DEPENDENCIES:
  - DRRouter (from `../`)

SPEC REPOS:
  https://github.com/cocoapods/specs.git:
    - DRMacroDefines

EXTERNAL SOURCES:
  DRRouter:
    :path: "../"

SPEC CHECKSUMS:
  DRMacroDefines: 58aa271bc1c4170fa09f4f33dcad18fc4f21a57e
  DRRouter: a38a1291c4439ef7c9761136a593095275aaff86

PODFILE CHECKSUM: 0183531764e787ccfd6b13afe9abcd882c5ca679

COCOAPODS: 1.6.1
